// !$*UTF8*$!
{
	archiveVersion = 1;
	classes = {
	};
	objectVersion = 55;
	objects = {

/* Begin PBXBuildFile section */
		466225A327B56E5B00C92CA3 /* AppDelegate.swift in Sources */ = {isa = PBXBuildFile; fileRef = 466225A227B56E5B00C92CA3 /* AppDelegate.swift */; };
		466225A527B56E5B00C92CA3 /* SceneDelegate.swift in Sources */ = {isa = PBXBuildFile; fileRef = 466225A427B56E5B00C92CA3 /* SceneDelegate.swift */; };
		466225A727B56E5B00C92CA3 /* ViewController.swift in Sources */ = {isa = PBXBuildFile; fileRef = 466225A627B56E5B00C92CA3 /* ViewController.swift */; };
		466225AA27B56E5B00C92CA3 /* Main.storyboard in Resources */ = {isa = PBXBuildFile; fileRef = 466225A827B56E5B00C92CA3 /* Main.storyboard */; };
		466225AC27B56E5D00C92CA3 /* Assets.xcassets in Resources */ = {isa = PBXBuildFile; fileRef = 466225AB27B56E5D00C92CA3 /* Assets.xcassets */; };
		466225AF27B56E5D00C92CA3 /* LaunchScreen.storyboard in Resources */ = {isa = PBXBuildFile; fileRef = 466225AD27B56E5D00C92CA3 /* LaunchScreen.storyboard */; };
		466225B927B56F2E00C92CA3 /* botaogerar-pressionado.png in Resources */ = {isa = PBXBuildFile; fileRef = 466225B627B56F2E00C92CA3 /* botaogerar-pressionado.png */; };
		466225BA27B56F2E00C92CA3 /* logo.png in Resources */ = {isa = PBXBuildFile; fileRef = 466225B727B56F2E00C92CA3 /* logo.png */; };
		466225BB27B56F2E00C92CA3 /* botaogerar.png in Resources */ = {isa = PBXBuildFile; fileRef = 466225B827B56F2E00C92CA3 /* botaogerar.png */; };
/* End PBXBuildFile section */

/* Begin PBXFileReference section */
		4662259F27B56E5B00C92CA3 /* Gerador Numeros.app */ = {isa = PBXFileReference; explicitFileType = wrapper.application; includeInIndex = 0; path = "Gerador Numeros.app"; sourceTree = BUILT_PRODUCTS_DIR; };
		466225A227B56E5B00C92CA3 /* AppDelegate.swift */ = {isa = PBXFileReference; lastKnownFileType = sourcecode.swift; path = AppDelegate.swift; sourceTree = "<group>"; };
		466225A427B56E5B00C92CA3 /* SceneDelegate.swift */ = {isa = PBXFileReference; lastKnownFileType = sourcecode.swift; path = SceneDelegate.swift; sourceTree = "<group>"; };
		466225A627B56E5B00C92CA3 /* ViewController.swift */ = {isa = PBXFileReference; lastKnownFileType = sourcecode.swift; path = ViewController.swift; sourceTree = "<group>"; };
		466225A927B56E5B00C92CA3 /* Base */ = {isa = PBXFileReference; lastKnownFileType = file.storyboard; name = Base; path = Base.lproj/Main.storyboard; sourceTree = "<group>"; };
		466225AB27B56E5D00C92CA3 /* Assets.xcassets */ = {isa = PBXFileReference; lastKnownFileType = folder.assetcatalog; path = Assets.xcassets; sourceTree = "<group>"; };
		466225AE27B56E5D00C92CA3 /* Base */ = {isa = PBXFileReference; lastKnownFileType = file.storyboard; name = Base; path = Base.lproj/LaunchScreen.storyboard; sourceTree = "<group>"; };
		466225B027B56E5D00C92CA3 /* Info.plist */ = {isa = PBXFileReference; lastKnownFileType = text.plist.xml; path = Info.plist; sourceTree = "<group>"; };
		466225B627B56F2E00C92CA3 /* botaogerar-pressionado.png */ = {isa = PBXFileReference; lastKnownFileType = image.png; path = "botaogerar-pressionado.png"; sourceTree = "<group>"; };
		466225B727B56F2E00C92CA3 /* logo.png */ = {isa = PBXFileReference; lastKnownFileType = image.png; path = logo.png; sourceTree = "<group>"; };
		466225B827B56F2E00C92CA3 /* botaogerar.png */ = {isa = PBXFileReference; lastKnownFileType = image.png; path = botaogerar.png; sourceTree = "<group>"; };
/* End PBXFileReference section */

/* Begin PBXFrameworksBuildPhase section */
		4662259C27B56E5B00C92CA3 /* Frameworks */ = {
			isa = PBXFrameworksBuildPhase;
			buildActionMask = 2147483647;
			files = (
			);
			runOnlyForDeploymentPostprocessing = 0;
		};
/* End PBXFrameworksBuildPhase section */

/* Begin PBXGroup section */
		4662259627B56E5B00C92CA3 = {
			isa = PBXGroup;
			children = (
				466225A127B56E5B00C92CA3 /* Gerador Numeros */,
				466225A027B56E5B00C92CA3 /* Products */,
			);
			sourceTree = "<group>";
		};
		466225A027B56E5B00C92CA3 /* Products */ = {
			isa = PBXGroup;
			children = (
				4662259F27B56E5B00C92CA3 /* Gerador Numeros.app */,
			);
			name = Products;
			sourceTree = "<group>";
		};
		466225A127B56E5B00C92CA3 /* Gerador Numeros */ = {
			isa = PBXGroup;
			children = (
				466225B627B56F2E00C92CA3 /* botaogerar-pressionado.png */,
				466225B827B56F2E00C92CA3 /* botaogerar.png */,
				466225B727B56F2E00C92CA3 /* logo.png */,
				466225A227B56E5B00C92CA3 /* AppDelegate.swift */,
				466225A427B56E5B00C92CA3 /* SceneDelegate.swift */,
				466225A627B56E5B00C92CA3 /* ViewController.swift */,
				466225A827B56E5B00C92CA3 /* Main.storyboard */,
				466225AB27B56E5D00C92CA3 /* Assets.xcassets */,
				466225AD27B56E5D00C92CA3 /* LaunchScreen.storyboard */,
				466225B027B56E5D00C92CA3 /* Info.plist */,
			);
			path = "Gerador Numeros";
			sourceTree = "<group>";
		};
/* End PBXGroup section */

/* Begin PBXNativeTarget section */
		4662259E27B56E5B00C92CA3 /* Gerador Numeros */ = {
			isa = PBXNativeTarget;
			buildConfigurationList = 466225B327B56E5D00C92CA3 /* Build configuration list for PBXNativeTarget "Gerador Numeros" */;
			buildPhases = (
				4662259B27B56E5B00C92CA3 /* Sources */,
				4662259C27B56E5B00C92CA3 /* Frameworks */,
				4662259D27B56E5B00C92CA3 /* Resources */,
			);
			buildRules = (
			);
			dependencies = (
			);
			name = "Gerador Numeros";
			productName = "Gerador Numeros";
			productReference = 4662259F27B56E5B00C92CA3 /* Gerador Numeros.app */;
			productType = "com.apple.product-type.application";
		};
/* End PBXNativeTarget section */

/* Begin PBXProject section */
		4662259727B56E5B00C92CA3 /* Project object */ = {
			isa = PBXProject;
			attributes = {
				BuildIndependentTargetsInParallel = 1;
				LastSwiftUpdateCheck = 1320;
				LastUpgradeCheck = 1320;
				TargetAttributes = {
					4662259E27B56E5B00C92CA3 = {
						CreatedOnToolsVersion = 13.2.1;
					};
				};
			};
			buildConfigurationList = 4662259A27B56E5B00C92CA3 /* Build configuration list for PBXProject "Gerador Numeros" */;
			compatibilityVersion = "Xcode 13.0";
			developmentRegion = en;
			hasScannedForEncodings = 0;
			knownRegions = (
				en,
				Base,
			);
			mainGroup = 4662259627B56E5B00C92CA3;
			productRefGroup = 466225A027B56E5B00C92CA3 /* Products */;
			projectDirPath = "";
			projectRoot = "";
			targets = (
				4662259E27B56E5B00C92CA3 /* Gerador Numeros */,
			);
		};
/* End PBXProject section */

/* Begin PBXResourcesBuildPhase section */
		4662259D27B56E5B00C92CA3 /* Resources */ = {
			isa = PBXResourcesBuildPhase;
			buildActionMask = 2147483647;
			files = (
				466225AF27B56E5D00C92CA3 /* LaunchScreen.storyboard in Resources */,
				466225BB27B56F2E00C92CA3 /* botaogerar.png in Resources */,
				466225BA27B56F2E00C92CA3 /* logo.png in Resources */,
				466225AC27B56E5D00C92CA3 /* Assets.xcassets in Resources */,
				466225AA27B56E5B00C92CA3 /* Main.storyboard in Resources */,
				466225B927B56F2E00C92CA3 /* botaogerar-pressionado.png in Resources */,
			);
			runOnlyForDeploymentPostprocessing = 0;
		};
/* End PBXResourcesBuildPhase section */

/* Begin PBXSourcesBuildPhase section */
		4662259B27B56E5B00C92CA3 /* Sources */ = {
			isa = PBXSourcesBuildPhase;
			buildActionMask = 2147483647;
			files = (
				466225A727B56E5B00C92CA3 /* ViewController.swift in Sources */,
				466225A327B56E5B00C92CA3 /* AppDelegate.swift in Sources */,
				466225A527B56E5B00C92CA3 /* SceneDelegate.swift in Sources */,
			);
			runOnlyForDeploymentPostprocessing = 0;
		};
/* End PBXSourcesBuildPhase section */

/* Begin PBXVariantGroup section */
		466225A827B56E5B00C92CA3 /* Main.storyboard */ = {
			isa = PBXVariantGroup;
			children = (
				466225A927B56E5B00C92CA3 /* Base */,
			);
			name = Main.storyboard;
			sourceTree = "<group>";
		};
		466225AD27B56E5D00C92CA3 /* LaunchScreen.storyboard */ = {
			isa = PBXVariantGroup;
			children = (
				466225AE27B56E5D00C92CA3 /* Base */,
			);
			name = LaunchScreen.storyboard;
			sourceTree = "<group>";
		};
/* End PBXVariantGroup section */

/* Begin XCBuildConfiguration section */
		466225B127B56E5D00C92CA3 /* Debug */ = {
			isa = XCBuildConfiguration;
			buildSettings = {
				ALWAYS_SEARCH_USER_PATHS = NO;
				CLANG_ANALYZER_NONNULL = YES;
				CLANG_ANALYZER_NUMBER_OBJECT_CONVERSION = YES_AGGRESSIVE;
				CLANG_CXX_LANGUAGE_STANDARD = "gnu++17";
				CLANG_CXX_LIBRARY = "libc++";
				CLANG_ENABLE_MODULES = YES;
				CLANG_ENABLE_OBJC_ARC = YES;
				CLANG_ENABLE_OBJC_WEAK = YES;
				CLANG_WARN_BLOCK_CAPTURE_AUTORELEASING = YES;
				CLANG_WARN_BOOL_CONVERSION = YES;
				CLANG_WARN_COMMA = YES;
				CLANG_WARN_CONSTANT_CONVERSION = YES;
				CLANG_WARN_DEPRECATED_OBJC_IMPLEMENTATIONS = YES;
				CLANG_WARN_DIRECT_OBJC_ISA_USAGE = YES_ERROR;
				CLANG_WARN_DOCUMENTATION_COMMENTS = YES;
				CLANG_WARN_EMPTY_BODY = YES;
				CLANG_WARN_ENUM_CONVERSION = YES;
				CLANG_WARN_INFINITE_RECURSION = YES;
				CLANG_WARN_INT_CONVERSION = YES;
				CLANG_WARN_NON_LITERAL_NULL_CONVERSION = YES;
				CLANG_WARN_OBJC_IMPLICIT_RETAIN_SELF = YES;
				CLANG_WARN_OBJC_LITERAL_CONVERSION = YES;
				CLANG_WARN_OBJC_ROOT_CLASS = YES_ERROR;
				CLANG_WARN_QUOTED_INCLUDE_IN_FRAMEWORK_HEADER = YES;
				CLANG_WARN_RANGE_LOOP_ANALYSIS = YES;
				CLANG_WARN_STRICT_PROTOTYPES = YES;
				CLANG_WARN_SUSPICIOUS_MOVE = YES;
				CLANG_WARN_UNGUARDED_AVAILABILITY = YES_AGGRESSIVE;
				CLANG_WARN_UNREACHABLE_CODE = YES;
				CLANG_WARN__DUPLICATE_METHOD_MATCH = YES;
				COPY_PHASE_STRIP = NO;
				DEBUG_INFORMATION_FORMAT = dwarf;
				ENABLE_STRICT_OBJC_MSGSEND = YES;
				ENABLE_TESTABILITY = YES;
				GCC_C_LANGUAGE_STANDARD = gnu11;
				GCC_DYNAMIC_NO_PIC = NO;
				GCC_NO_COMMON_BLOCKS = YES;
				GCC_OPTIMIZATION_LEVEL = 0;
				GCC_PREPROCESSOR_DEFINITIONS = (
					"DEBUG=1",
					"$(inherited)",
				);
				GCC_WARN_64_TO_32_BIT_CONVERSION = YES;
				GCC_WARN_ABOUT_RETURN_TYPE = YES_ERROR;
				GCC_WARN_UNDECLARED_SELECTOR = YES;
				GCC_WARN_UNINITIALIZED_AUTOS = YES_AGGRESSIVE;
				GCC_WARN_UNUSED_FUNCTION = YES;
				GCC_WARN_UNUSED_VARIABLE = YES;
				IPHONEOS_DEPLOYMENT_TARGET = 15.2;
				MTL_ENABLE_DEBUG_INFO = INCLUDE_SOURCE;
				MTL_FAST_MATH = YES;
				ONLY_ACTIVE_ARCH = YES;
				SDKROOT = iphoneos;
				SWIFT_ACTIVE_COMPILATION_CONDITIONS = DEBUG;
				SWIFT_OPTIMIZATION_LEVEL = "-Onone";
			};
			name = Debug;
		};
		466225B227B56E5D00C92CA3 /* Release */ = {
			isa = XCBuildConfiguration;
			buildSettings = {
				ALWAYS_SEARCH_USER_PATHS = NO;
				CLANG_ANALYZER_NONNULL = YES;
				CLANG_ANALYZER_NUMBER_OBJECT_CONVERSION = YES_AGGRESSIVE;
				CLANG_CXX_LANGUAGE_STANDARD = "gnu++17";
				CLANG_CXX_LIBRARY = "libc++";
				CLANG_ENABLE_MODULES = YES;
				CLANG_ENABLE_OBJC_ARC = YES;
				CLANG_ENABLE_OBJC_WEAK = YES;
				CLANG_WARN_BLOCK_CAPTURE_AUTORELEASING = YES;
				CLANG_WARN_BOOL_CONVERSION = YES;
				CLANG_WARN_COMMA = YES;
				CLANG_WARN_CONSTANT_CONVERSION = YES;
				CLANG_WARN_DEPRECATED_OBJC_IMPLEMENTATIONS = YES;
				CLANG_WARN_DIRECT_OBJC_ISA_USAGE = YES_ERROR;
				CLANG_WARN_DOCUMENTATION_COMMENTS = YES;
				CLANG_WARN_EMPTY_BODY = YES;
				CLANG_WARN_ENUM_CONVERSION = YES;
				CLANG_WARN_INFINITE_RECURSION = YES;
				CLANG_WARN_INT_CONVERSION = YES;
				CLANG_WARN_NON_LITERAL_NULL_CONVERSION = YES;
				CLANG_WARN_OBJC_IMPLICIT_RETAIN_SELF = YES;
				CLANG_WARN_OBJC_LITERAL_CONVERSION = YES;
				CLANG_WARN_OBJC_ROOT_CLASS = YES_ERROR;
				CLANG_WARN_QUOTED_INCLUDE_IN_FRAMEWORK_HEADER = YES;
				CLANG_WARN_RANGE_LOOP_ANALYSIS = YES;
				CLANG_WARN_STRICT_PROTOTYPES = YES;
				CLANG_WARN_SUSPICIOUS_MOVE = YES;
				CLANG_WARN_UNGUARDED_AVAILABILITY = YES_AGGRESSIVE;
				CLANG_WARN_UNREACHABLE_CODE = YES;
				CLANG_WARN__DUPLICATE_METHOD_MATCH = YES;
				COPY_PHASE_STRIP = NO;
				DEBUG_INFORMATION_FORMAT = "dwarf-with-dsym";
				ENABLE_NS_ASSERTIONS = NO;
				ENABLE_STRICT_OBJC_MSGSEND = YES;
				GCC_C_LANGUAGE_STANDARD = gnu11;
				GCC_NO_COMMON_BLOCKS = YES;
				GCC_WARN_64_TO_32_BIT_CONVERSION = YES;
				GCC_WARN_ABOUT_RETURN_TYPE = YES_ERROR;
				GCC_WARN_UNDECLARED_SELECTOR = YES;
				GCC_WARN_UNINITIALIZED_AUTOS = YES_AGGRESSIVE;
				GCC_WARN_UNUSED_FUNCTION = YES;
				GCC_WARN_UNUSED_VARIABLE = YES;
				IPHONEOS_DEPLOYMENT_TARGET = 15.2;
				MTL_ENABLE_DEBUG_INFO = NO;
				MTL_FAST_MATH = YES;
				SDKROOT = iphoneos;
				SWIFT_COMPILATION_MODE = wholemodule;
				SWIFT_OPTIMIZATION_LEVEL = "-O";
				VALIDATE_PRODUCT = YES;
			};
			name = Release;
		};
		466225B427B56E5D00C92CA3 /* Debug */ = {
			isa = XCBuildConfiguration;
			buildSettings = {
				ASSETCATALOG_COMPILER_APPICON_NAME = AppIcon;
				ASSETCATALOG_COMPILER_GLOBAL_ACCENT_COLOR_NAME = AccentColor;
				CODE_SIGN_STYLE = Automatic;
				CURRENT_PROJECT_VERSION = 1;
				GENERATE_INFOPLIST_FILE = YES;
				INFOPLIST_FILE = "Gerador Numeros/Info.plist";
				INFOPLIST_KEY_UIApplicationSupportsIndirectInputEvents = YES;
				INFOPLIST_KEY_UILaunchStoryboardName = LaunchScreen;
				INFOPLIST_KEY_UIMainStoryboardFile = Main;
				INFOPLIST_KEY_UISupportedInterfaceOrientations_iPad = "UIInterfaceOrientationPortrait UIInterfaceOrientationPortraitUpsideDown UIInterfaceOrientationLandscapeLeft UIInterfaceOrientationLandscapeRight";
				INFOPLIST_KEY_UISupportedInterfaceOrientations_iPhone = "UIInterfaceOrientationPortrait UIInterfaceOrientationLandscapeLeft UIInterfaceOrientationLandscapeRight";
				LD_RUNPATH_SEARCH_PATHS = (
					"$(inherited)",
					"@executable_path/Frameworks",
				);
				MARKETING_VERSION = 1.0;
				PRODUCT_BUNDLE_IDENTIFIER = "Rethink.Gerador-Numeros";
				PRODUCT_NAME = "$(TARGET_NAME)";
				SWIFT_EMIT_LOC_STRINGS = YES;
				SWIFT_VERSION = 5.0;
				TARGETED_DEVICE_FAMILY = "1,2";
			};
			name = Debug;
		};
		466225B527B56E5D00C92CA3 /* Release */ = {
			isa = XCBuildConfiguration;
			buildSettings = {
				ASSETCATALOG_COMPILER_APPICON_NAME = AppIcon;
				ASSETCATALOG_COMPILER_GLOBAL_ACCENT_COLOR_NAME = AccentColor;
				CODE_SIGN_STYLE = Automatic;
				CURRENT_PROJECT_VERSION = 1;
				GENERATE_INFOPLIST_FILE = YES;
				INFOPLIST_FILE = "Gerador Numeros/Info.plist";
				INFOPLIST_KEY_UIApplicationSupportsIndirectInputEvents = YES;
				INFOPLIST_KEY_UILaunchStoryboardName = LaunchScreen;
				INFOPLIST_KEY_UIMainStoryboardFile = Main;
				INFOPLIST_KEY_UISupportedInterfaceOrientations_iPad = "UIInterfaceOrientationPortrait UIInterfaceOrientationPortraitUpsideDown UIInterfaceOrientationLandscapeLeft UIInterfaceOrientationLandscapeRight";
				INFOPLIST_KEY_UISupportedInterfaceOrientations_iPhone = "UIInterfaceOrientationPortrait UIInterfaceOrientationLandscapeLeft UIInterfaceOrientationLandscapeRight";
				LD_RUNPATH_SEARCH_PATHS = (
					"$(inherited)",
					"@executable_path/Frameworks",
				);
				MARKETING_VERSION = 1.0;
				PRODUCT_BUNDLE_IDENTIFIER = "Rethink.Gerador-Numeros";
				PRODUCT_NAME = "$(TARGET_NAME)";
				SWIFT_EMIT_LOC_STRINGS = YES;
				SWIFT_VERSION = 5.0;
				TARGETED_DEVICE_FAMILY = "1,2";
			};
			name = Release;
		};
/* End XCBuildConfiguration section */

/* Begin XCConfigurationList section */
		4662259A27B56E5B00C92CA3 /* Build configuration list for PBXProject "Gerador Numeros" */ = {
			isa = XCConfigurationList;
			buildConfigurations = (
				466225B127B56E5D00C92CA3 /* Debug */,
				466225B227B56E5D00C92CA3 /* Release */,
			);
			defaultConfigurationIsVisible = 0;
			defaultConfigurationName = Release;
		};
		466225B327B56E5D00C92CA3 /* Build configuration list for PBXNativeTarget "Gerador Numeros" */ = {
			isa = XCConfigurationList;
			buildConfigurations = (
				466225B427B56E5D00C92CA3 /* Debug */,
				466225B527B56E5D00C92CA3 /* Release */,
			);
			defaultConfigurationIsVisible = 0;
			defaultConfigurationName = Release;
		};
/* End XCConfigurationList section */
	};
	rootObject = 4662259727B56E5B00C92CA3 /* Project object */;
}
