// !$*UTF8*$!
{
	archiveVersion = 1;
	classes = {
	};
	objectVersion = 55;
	objects = {

/* Begin PBXBuildFile section */
		21CC83A6E4CC82B878965463 /* Pods_ConfiguracaoFiberebase.framework in Frameworks */ = {isa = PBXBuildFile; fileRef = D6E13C7BCD8A6BE83F7B40F9 /* Pods_ConfiguracaoFiberebase.framework */; };
		46789ED227EA512B0022C87D /* AppDelegate.swift in Sources */ = {isa = PBXBuildFile; fileRef = 46789ED127EA512B0022C87D /* AppDelegate.swift */; };
		46789ED427EA512B0022C87D /* SceneDelegate.swift in Sources */ = {isa = PBXBuildFile; fileRef = 46789ED327EA512B0022C87D /* SceneDelegate.swift */; };
		46789ED627EA512B0022C87D /* ViewController.swift in Sources */ = {isa = PBXBuildFile; fileRef = 46789ED527EA512B0022C87D /* ViewController.swift */; };
		46789ED927EA512B0022C87D /* Main.storyboard in Resources */ = {isa = PBXBuildFile; fileRef = 46789ED727EA512B0022C87D /* Main.storyboard */; };
		46789EDB27EA512E0022C87D /* Assets.xcassets in Resources */ = {isa = PBXBuildFile; fileRef = 46789EDA27EA512E0022C87D /* Assets.xcassets */; };
		46789EDE27EA512E0022C87D /* LaunchScreen.storyboard in Resources */ = {isa = PBXBuildFile; fileRef = 46789EDC27EA512E0022C87D /* LaunchScreen.storyboard */; };
		46789EE627EA51690022C87D /* GoogleService-Info.plist in Resources */ = {isa = PBXBuildFile; fileRef = 46789EE527EA51690022C87D /* GoogleService-Info.plist */; };
/* End PBXBuildFile section */

/* Begin PBXFileReference section */
		22D1BB67F39F9D129CE4561C /* Pods-ConfiguracaoFiberebase.release.xcconfig */ = {isa = PBXFileReference; includeInIndex = 1; lastKnownFileType = text.xcconfig; name = "Pods-ConfiguracaoFiberebase.release.xcconfig"; path = "Target Support Files/Pods-ConfiguracaoFiberebase/Pods-ConfiguracaoFiberebase.release.xcconfig"; sourceTree = "<group>"; };
		46789ECE27EA512B0022C87D /* ConfiguracaoFiberebase.app */ = {isa = PBXFileReference; explicitFileType = wrapper.application; includeInIndex = 0; path = ConfiguracaoFiberebase.app; sourceTree = BUILT_PRODUCTS_DIR; };
		46789ED127EA512B0022C87D /* AppDelegate.swift */ = {isa = PBXFileReference; lastKnownFileType = sourcecode.swift; path = AppDelegate.swift; sourceTree = "<group>"; };
		46789ED327EA512B0022C87D /* SceneDelegate.swift */ = {isa = PBXFileReference; lastKnownFileType = sourcecode.swift; path = SceneDelegate.swift; sourceTree = "<group>"; };
		46789ED527EA512B0022C87D /* ViewController.swift */ = {isa = PBXFileReference; lastKnownFileType = sourcecode.swift; path = ViewController.swift; sourceTree = "<group>"; };
		46789ED827EA512B0022C87D /* Base */ = {isa = PBXFileReference; lastKnownFileType = file.storyboard; name = Base; path = Base.lproj/Main.storyboard; sourceTree = "<group>"; };
		46789EDA27EA512E0022C87D /* Assets.xcassets */ = {isa = PBXFileReference; lastKnownFileType = folder.assetcatalog; path = Assets.xcassets; sourceTree = "<group>"; };
		46789EDD27EA512E0022C87D /* Base */ = {isa = PBXFileReference; lastKnownFileType = file.storyboard; name = Base; path = Base.lproj/LaunchScreen.storyboard; sourceTree = "<group>"; };
		46789EDF27EA512E0022C87D /* Info.plist */ = {isa = PBXFileReference; lastKnownFileType = text.plist.xml; path = Info.plist; sourceTree = "<group>"; };
		46789EE527EA51690022C87D /* GoogleService-Info.plist */ = {isa = PBXFileReference; fileEncoding = 4; lastKnownFileType = text.plist.xml; path = "GoogleService-Info.plist"; sourceTree = "<group>"; };
		4699C0AA27EB692100689CD6 /* ConfiguracaoFiberebase.entitlements */ = {isa = PBXFileReference; lastKnownFileType = text.plist.entitlements; path = ConfiguracaoFiberebase.entitlements; sourceTree = "<group>"; };
		8CB6CCF2519713FA84EAB349 /* Pods-ConfiguracaoFiberebase.debug.xcconfig */ = {isa = PBXFileReference; includeInIndex = 1; lastKnownFileType = text.xcconfig; name = "Pods-ConfiguracaoFiberebase.debug.xcconfig"; path = "Target Support Files/Pods-ConfiguracaoFiberebase/Pods-ConfiguracaoFiberebase.debug.xcconfig"; sourceTree = "<group>"; };
		D6E13C7BCD8A6BE83F7B40F9 /* Pods_ConfiguracaoFiberebase.framework */ = {isa = PBXFileReference; explicitFileType = wrapper.framework; includeInIndex = 0; path = Pods_ConfiguracaoFiberebase.framework; sourceTree = BUILT_PRODUCTS_DIR; };
/* End PBXFileReference section */

/* Begin PBXFrameworksBuildPhase section */
		46789ECB27EA512B0022C87D /* Frameworks */ = {
			isa = PBXFrameworksBuildPhase;
			buildActionMask = 2147483647;
			files = (
				21CC83A6E4CC82B878965463 /* Pods_ConfiguracaoFiberebase.framework in Frameworks */,
			);
			runOnlyForDeploymentPostprocessing = 0;
		};
/* End PBXFrameworksBuildPhase section */

/* Begin PBXGroup section */
		3C4698B6D3DEACBA5ACB029C /* Frameworks */ = {
			isa = PBXGroup;
			children = (
				D6E13C7BCD8A6BE83F7B40F9 /* Pods_ConfiguracaoFiberebase.framework */,
			);
			name = Frameworks;
			sourceTree = "<group>";
		};
		46789EC527EA512A0022C87D = {
			isa = PBXGroup;
			children = (
				46789ED027EA512B0022C87D /* ConfiguracaoFiberebase */,
				46789ECF27EA512B0022C87D /* Products */,
				B63E3C23C66AD053CFFF9C02 /* Pods */,
				3C4698B6D3DEACBA5ACB029C /* Frameworks */,
			);
			sourceTree = "<group>";
		};
		46789ECF27EA512B0022C87D /* Products */ = {
			isa = PBXGroup;
			children = (
				46789ECE27EA512B0022C87D /* ConfiguracaoFiberebase.app */,
			);
			name = Products;
			sourceTree = "<group>";
		};
		46789ED027EA512B0022C87D /* ConfiguracaoFiberebase */ = {
			isa = PBXGroup;
			children = (
				4699C0AA27EB692100689CD6 /* ConfiguracaoFiberebase.entitlements */,
				46789ED127EA512B0022C87D /* AppDelegate.swift */,
				46789ED327EA512B0022C87D /* SceneDelegate.swift */,
				46789ED527EA512B0022C87D /* ViewController.swift */,
				46789ED727EA512B0022C87D /* Main.storyboard */,
				46789EDA27EA512E0022C87D /* Assets.xcassets */,
				46789EDC27EA512E0022C87D /* LaunchScreen.storyboard */,
				46789EDF27EA512E0022C87D /* Info.plist */,
				46789EE527EA51690022C87D /* GoogleService-Info.plist */,
			);
			path = ConfiguracaoFiberebase;
			sourceTree = "<group>";
		};
		B63E3C23C66AD053CFFF9C02 /* Pods */ = {
			isa = PBXGroup;
			children = (
				8CB6CCF2519713FA84EAB349 /* Pods-ConfiguracaoFiberebase.debug.xcconfig */,
				22D1BB67F39F9D129CE4561C /* Pods-ConfiguracaoFiberebase.release.xcconfig */,
			);
			path = Pods;
			sourceTree = "<group>";
		};
/* End PBXGroup section */

/* Begin PBXNativeTarget section */
		46789ECD27EA512B0022C87D /* ConfiguracaoFiberebase */ = {
			isa = PBXNativeTarget;
			buildConfigurationList = 46789EE227EA512E0022C87D /* Build configuration list for PBXNativeTarget "ConfiguracaoFiberebase" */;
			buildPhases = (
				A4BE3965672B66082AC85E35 /* [CP] Check Pods Manifest.lock */,
				46789ECA27EA512B0022C87D /* Sources */,
				46789ECB27EA512B0022C87D /* Frameworks */,
				46789ECC27EA512B0022C87D /* Resources */,
				4D00DF94FD90E681F6DB9C24 /* [CP] Embed Pods Frameworks */,
			);
			buildRules = (
			);
			dependencies = (
			);
			name = ConfiguracaoFiberebase;
			productName = ConfiguracaoFiberebase;
			productReference = 46789ECE27EA512B0022C87D /* ConfiguracaoFiberebase.app */;
			productType = "com.apple.product-type.application";
		};
/* End PBXNativeTarget section */

/* Begin PBXProject section */
		46789EC627EA512A0022C87D /* Project object */ = {
			isa = PBXProject;
			attributes = {
				BuildIndependentTargetsInParallel = 1;
				LastSwiftUpdateCheck = 1320;
				LastUpgradeCheck = 1320;
				TargetAttributes = {
					46789ECD27EA512B0022C87D = {
						CreatedOnToolsVersion = 13.2.1;
					};
				};
			};
			buildConfigurationList = 46789EC927EA512A0022C87D /* Build configuration list for PBXProject "ConfiguracaoFiberebase" */;
			compatibilityVersion = "Xcode 13.0";
			developmentRegion = en;
			hasScannedForEncodings = 0;
			knownRegions = (
				en,
				Base,
			);
			mainGroup = 46789EC527EA512A0022C87D;
			productRefGroup = 46789ECF27EA512B0022C87D /* Products */;
			projectDirPath = "";
			projectRoot = "";
			targets = (
				46789ECD27EA512B0022C87D /* ConfiguracaoFiberebase */,
			);
		};
/* End PBXProject section */

/* Begin PBXResourcesBuildPhase section */
		46789ECC27EA512B0022C87D /* Resources */ = {
			isa = PBXResourcesBuildPhase;
			buildActionMask = 2147483647;
			files = (
				46789EDE27EA512E0022C87D /* LaunchScreen.storyboard in Resources */,
				46789EE627EA51690022C87D /* GoogleService-Info.plist in Resources */,
				46789EDB27EA512E0022C87D /* Assets.xcassets in Resources */,
				46789ED927EA512B0022C87D /* Main.storyboard in Resources */,
			);
			runOnlyForDeploymentPostprocessing = 0;
		};
/* End PBXResourcesBuildPhase section */

/* Begin PBXShellScriptBuildPhase section */
		4D00DF94FD90E681F6DB9C24 /* [CP] Embed Pods Frameworks */ = {
			isa = PBXShellScriptBuildPhase;
			buildActionMask = 2147483647;
			files = (
			);
			inputFileListPaths = (
				"${PODS_ROOT}/Target Support Files/Pods-ConfiguracaoFiberebase/Pods-ConfiguracaoFiberebase-frameworks-${CONFIGURATION}-input-files.xcfilelist",
			);
			name = "[CP] Embed Pods Frameworks";
			outputFileListPaths = (
				"${PODS_ROOT}/Target Support Files/Pods-ConfiguracaoFiberebase/Pods-ConfiguracaoFiberebase-frameworks-${CONFIGURATION}-output-files.xcfilelist",
			);
			runOnlyForDeploymentPostprocessing = 0;
			shellPath = /bin/sh;
			shellScript = "\"${PODS_ROOT}/Target Support Files/Pods-ConfiguracaoFiberebase/Pods-ConfiguracaoFiberebase-frameworks.sh\"\n";
			showEnvVarsInLog = 0;
		};
		A4BE3965672B66082AC85E35 /* [CP] Check Pods Manifest.lock */ = {
			isa = PBXShellScriptBuildPhase;
			buildActionMask = 2147483647;
			files = (
			);
			inputFileListPaths = (
			);
			inputPaths = (
				"${PODS_PODFILE_DIR_PATH}/Podfile.lock",
				"${PODS_ROOT}/Manifest.lock",
			);
			name = "[CP] Check Pods Manifest.lock";
			outputFileListPaths = (
			);
			outputPaths = (
				"$(DERIVED_FILE_DIR)/Pods-ConfiguracaoFiberebase-checkManifestLockResult.txt",
			);
			runOnlyForDeploymentPostprocessing = 0;
			shellPath = /bin/sh;
			shellScript = "diff \"${PODS_PODFILE_DIR_PATH}/Podfile.lock\" \"${PODS_ROOT}/Manifest.lock\" > /dev/null\nif [ $? != 0 ] ; then\n    # print error to STDERR\n    echo \"error: The sandbox is not in sync with the Podfile.lock. Run 'pod install' or update your CocoaPods installation.\" >&2\n    exit 1\nfi\n# This output is used by Xcode 'outputs' to avoid re-running this script phase.\necho \"SUCCESS\" > \"${SCRIPT_OUTPUT_FILE_0}\"\n";
			showEnvVarsInLog = 0;
		};
/* End PBXShellScriptBuildPhase section */

/* Begin PBXSourcesBuildPhase section */
		46789ECA27EA512B0022C87D /* Sources */ = {
			isa = PBXSourcesBuildPhase;
			buildActionMask = 2147483647;
			files = (
				46789ED627EA512B0022C87D /* ViewController.swift in Sources */,
				46789ED227EA512B0022C87D /* AppDelegate.swift in Sources */,
				46789ED427EA512B0022C87D /* SceneDelegate.swift in Sources */,
			);
			runOnlyForDeploymentPostprocessing = 0;
		};
/* End PBXSourcesBuildPhase section */

/* Begin PBXVariantGroup section */
		46789ED727EA512B0022C87D /* Main.storyboard */ = {
			isa = PBXVariantGroup;
			children = (
				46789ED827EA512B0022C87D /* Base */,
			);
			name = Main.storyboard;
			sourceTree = "<group>";
		};
		46789EDC27EA512E0022C87D /* LaunchScreen.storyboard */ = {
			isa = PBXVariantGroup;
			children = (
				46789EDD27EA512E0022C87D /* Base */,
			);
			name = LaunchScreen.storyboard;
			sourceTree = "<group>";
		};
/* End PBXVariantGroup section */

/* Begin XCBuildConfiguration section */
		46789EE027EA512E0022C87D /* Debug */ = {
			isa = XCBuildConfiguration;
			buildSettings = {
				ALWAYS_SEARCH_USER_PATHS = NO;
				CLANG_ANALYZER_NONNULL = YES;
				CLANG_ANALYZER_NUMBER_OBJECT_CONVERSION = YES_AGGRESSIVE;
				CLANG_CXX_LANGUAGE_STANDARD = "gnu++17";
				CLANG_CXX_LIBRARY = "libc++";
				CLANG_ENABLE_MODULES = YES;
				CLANG_ENABLE_OBJC_ARC = YES;
				CLANG_ENABLE_OBJC_WEAK = YES;
				CLANG_WARN_BLOCK_CAPTURE_AUTORELEASING = YES;
				CLANG_WARN_BOOL_CONVERSION = YES;
				CLANG_WARN_COMMA = YES;
				CLANG_WARN_CONSTANT_CONVERSION = YES;
				CLANG_WARN_DEPRECATED_OBJC_IMPLEMENTATIONS = YES;
				CLANG_WARN_DIRECT_OBJC_ISA_USAGE = YES_ERROR;
				CLANG_WARN_DOCUMENTATION_COMMENTS = YES;
				CLANG_WARN_EMPTY_BODY = YES;
				CLANG_WARN_ENUM_CONVERSION = YES;
				CLANG_WARN_INFINITE_RECURSION = YES;
				CLANG_WARN_INT_CONVERSION = YES;
				CLANG_WARN_NON_LITERAL_NULL_CONVERSION = YES;
				CLANG_WARN_OBJC_IMPLICIT_RETAIN_SELF = YES;
				CLANG_WARN_OBJC_LITERAL_CONVERSION = YES;
				CLANG_WARN_OBJC_ROOT_CLASS = YES_ERROR;
				CLANG_WARN_QUOTED_INCLUDE_IN_FRAMEWORK_HEADER = YES;
				CLANG_WARN_RANGE_LOOP_ANALYSIS = YES;
				CLANG_WARN_STRICT_PROTOTYPES = YES;
				CLANG_WARN_SUSPICIOUS_MOVE = YES;
				CLANG_WARN_UNGUARDED_AVAILABILITY = YES_AGGRESSIVE;
				CLANG_WARN_UNREACHABLE_CODE = YES;
				CLANG_WARN__DUPLICATE_METHOD_MATCH = YES;
				COPY_PHASE_STRIP = NO;
				DEBUG_INFORMATION_FORMAT = dwarf;
				ENABLE_STRICT_OBJC_MSGSEND = YES;
				ENABLE_TESTABILITY = YES;
				GCC_C_LANGUAGE_STANDARD = gnu11;
				GCC_DYNAMIC_NO_PIC = NO;
				GCC_NO_COMMON_BLOCKS = YES;
				GCC_OPTIMIZATION_LEVEL = 0;
				GCC_PREPROCESSOR_DEFINITIONS = (
					"DEBUG=1",
					"$(inherited)",
				);
				GCC_WARN_64_TO_32_BIT_CONVERSION = YES;
				GCC_WARN_ABOUT_RETURN_TYPE = YES_ERROR;
				GCC_WARN_UNDECLARED_SELECTOR = YES;
				GCC_WARN_UNINITIALIZED_AUTOS = YES_AGGRESSIVE;
				GCC_WARN_UNUSED_FUNCTION = YES;
				GCC_WARN_UNUSED_VARIABLE = YES;
				IPHONEOS_DEPLOYMENT_TARGET = 15.2;
				MTL_ENABLE_DEBUG_INFO = INCLUDE_SOURCE;
				MTL_FAST_MATH = YES;
				ONLY_ACTIVE_ARCH = YES;
				SDKROOT = iphoneos;
				SWIFT_ACTIVE_COMPILATION_CONDITIONS = DEBUG;
				SWIFT_OPTIMIZATION_LEVEL = "-Onone";
			};
			name = Debug;
		};
		46789EE127EA512E0022C87D /* Release */ = {
			isa = XCBuildConfiguration;
			buildSettings = {
				ALWAYS_SEARCH_USER_PATHS = NO;
				CLANG_ANALYZER_NONNULL = YES;
				CLANG_ANALYZER_NUMBER_OBJECT_CONVERSION = YES_AGGRESSIVE;
				CLANG_CXX_LANGUAGE_STANDARD = "gnu++17";
				CLANG_CXX_LIBRARY = "libc++";
				CLANG_ENABLE_MODULES = YES;
				CLANG_ENABLE_OBJC_ARC = YES;
				CLANG_ENABLE_OBJC_WEAK = YES;
				CLANG_WARN_BLOCK_CAPTURE_AUTORELEASING = YES;
				CLANG_WARN_BOOL_CONVERSION = YES;
				CLANG_WARN_COMMA = YES;
				CLANG_WARN_CONSTANT_CONVERSION = YES;
				CLANG_WARN_DEPRECATED_OBJC_IMPLEMENTATIONS = YES;
				CLANG_WARN_DIRECT_OBJC_ISA_USAGE = YES_ERROR;
				CLANG_WARN_DOCUMENTATION_COMMENTS = YES;
				CLANG_WARN_EMPTY_BODY = YES;
				CLANG_WARN_ENUM_CONVERSION = YES;
				CLANG_WARN_INFINITE_RECURSION = YES;
				CLANG_WARN_INT_CONVERSION = YES;
				CLANG_WARN_NON_LITERAL_NULL_CONVERSION = YES;
				CLANG_WARN_OBJC_IMPLICIT_RETAIN_SELF = YES;
				CLANG_WARN_OBJC_LITERAL_CONVERSION = YES;
				CLANG_WARN_OBJC_ROOT_CLASS = YES_ERROR;
				CLANG_WARN_QUOTED_INCLUDE_IN_FRAMEWORK_HEADER = YES;
				CLANG_WARN_RANGE_LOOP_ANALYSIS = YES;
				CLANG_WARN_STRICT_PROTOTYPES = YES;
				CLANG_WARN_SUSPICIOUS_MOVE = YES;
				CLANG_WARN_UNGUARDED_AVAILABILITY = YES_AGGRESSIVE;
				CLANG_WARN_UNREACHABLE_CODE = YES;
				CLANG_WARN__DUPLICATE_METHOD_MATCH = YES;
				COPY_PHASE_STRIP = NO;
				DEBUG_INFORMATION_FORMAT = "dwarf-with-dsym";
				ENABLE_NS_ASSERTIONS = NO;
				ENABLE_STRICT_OBJC_MSGSEND = YES;
				GCC_C_LANGUAGE_STANDARD = gnu11;
				GCC_NO_COMMON_BLOCKS = YES;
				GCC_WARN_64_TO_32_BIT_CONVERSION = YES;
				GCC_WARN_ABOUT_RETURN_TYPE = YES_ERROR;
				GCC_WARN_UNDECLARED_SELECTOR = YES;
				GCC_WARN_UNINITIALIZED_AUTOS = YES_AGGRESSIVE;
				GCC_WARN_UNUSED_FUNCTION = YES;
				GCC_WARN_UNUSED_VARIABLE = YES;
				IPHONEOS_DEPLOYMENT_TARGET = 15.2;
				MTL_ENABLE_DEBUG_INFO = NO;
				MTL_FAST_MATH = YES;
				SDKROOT = iphoneos;
				SWIFT_COMPILATION_MODE = wholemodule;
				SWIFT_OPTIMIZATION_LEVEL = "-O";
				VALIDATE_PRODUCT = YES;
			};
			name = Release;
		};
		46789EE327EA512E0022C87D /* Debug */ = {
			isa = XCBuildConfiguration;
			baseConfigurationReference = 8CB6CCF2519713FA84EAB349 /* Pods-ConfiguracaoFiberebase.debug.xcconfig */;
			buildSettings = {
				ASSETCATALOG_COMPILER_APPICON_NAME = AppIcon;
				ASSETCATALOG_COMPILER_GLOBAL_ACCENT_COLOR_NAME = AccentColor;
				CODE_SIGN_ENTITLEMENTS = ConfiguracaoFiberebase/ConfiguracaoFiberebase.entitlements;
				CODE_SIGN_STYLE = Automatic;
				CURRENT_PROJECT_VERSION = 1;
				GENERATE_INFOPLIST_FILE = YES;
				INFOPLIST_FILE = ConfiguracaoFiberebase/Info.plist;
				INFOPLIST_KEY_UIApplicationSupportsIndirectInputEvents = YES;
				INFOPLIST_KEY_UILaunchStoryboardName = LaunchScreen;
				INFOPLIST_KEY_UIMainStoryboardFile = Main;
				INFOPLIST_KEY_UISupportedInterfaceOrientations_iPad = "UIInterfaceOrientationPortrait UIInterfaceOrientationPortraitUpsideDown UIInterfaceOrientationLandscapeLeft UIInterfaceOrientationLandscapeRight";
				INFOPLIST_KEY_UISupportedInterfaceOrientations_iPhone = "UIInterfaceOrientationPortrait UIInterfaceOrientationLandscapeLeft UIInterfaceOrientationLandscapeRight";
				LD_RUNPATH_SEARCH_PATHS = (
					"$(inherited)",
					"@executable_path/Frameworks",
				);
				MARKETING_VERSION = 1.0;
				PRODUCT_BUNDLE_IDENTIFIER = Rethink.ConfiguracaoFiberebase;
				PRODUCT_NAME = "$(TARGET_NAME)";
				SWIFT_EMIT_LOC_STRINGS = YES;
				SWIFT_VERSION = 5.0;
				TARGETED_DEVICE_FAMILY = "1,2";
			};
			name = Debug;
		};
		46789EE427EA512E0022C87D /* Release */ = {
			isa = XCBuildConfiguration;
			baseConfigurationReference = 22D1BB67F39F9D129CE4561C /* Pods-ConfiguracaoFiberebase.release.xcconfig */;
			buildSettings = {
				ASSETCATALOG_COMPILER_APPICON_NAME = AppIcon;
				ASSETCATALOG_COMPILER_GLOBAL_ACCENT_COLOR_NAME = AccentColor;
				CODE_SIGN_ENTITLEMENTS = ConfiguracaoFiberebase/ConfiguracaoFiberebase.entitlements;
				CODE_SIGN_STYLE = Automatic;
				CURRENT_PROJECT_VERSION = 1;
				GENERATE_INFOPLIST_FILE = YES;
				INFOPLIST_FILE = ConfiguracaoFiberebase/Info.plist;
				INFOPLIST_KEY_UIApplicationSupportsIndirectInputEvents = YES;
				INFOPLIST_KEY_UILaunchStoryboardName = LaunchScreen;
				INFOPLIST_KEY_UIMainStoryboardFile = Main;
				INFOPLIST_KEY_UISupportedInterfaceOrientations_iPad = "UIInterfaceOrientationPortrait UIInterfaceOrientationPortraitUpsideDown UIInterfaceOrientationLandscapeLeft UIInterfaceOrientationLandscapeRight";
				INFOPLIST_KEY_UISupportedInterfaceOrientations_iPhone = "UIInterfaceOrientationPortrait UIInterfaceOrientationLandscapeLeft UIInterfaceOrientationLandscapeRight";
				LD_RUNPATH_SEARCH_PATHS = (
					"$(inherited)",
					"@executable_path/Frameworks",
				);
				MARKETING_VERSION = 1.0;
				PRODUCT_BUNDLE_IDENTIFIER = Rethink.ConfiguracaoFiberebase;
				PRODUCT_NAME = "$(TARGET_NAME)";
				SWIFT_EMIT_LOC_STRINGS = YES;
				SWIFT_VERSION = 5.0;
				TARGETED_DEVICE_FAMILY = "1,2";
			};
			name = Release;
		};
/* End XCBuildConfiguration section */

/* Begin XCConfigurationList section */
		46789EC927EA512A0022C87D /* Build configuration list for PBXProject "ConfiguracaoFiberebase" */ = {
			isa = XCConfigurationList;
			buildConfigurations = (
				46789EE027EA512E0022C87D /* Debug */,
				46789EE127EA512E0022C87D /* Release */,
			);
			defaultConfigurationIsVisible = 0;
			defaultConfigurationName = Release;
		};
		46789EE227EA512E0022C87D /* Build configuration list for PBXNativeTarget "ConfiguracaoFiberebase" */ = {
			isa = XCConfigurationList;
			buildConfigurations = (
				46789EE327EA512E0022C87D /* Debug */,
				46789EE427EA512E0022C87D /* Release */,
			);
			defaultConfigurationIsVisible = 0;
			defaultConfigurationName = Release;
		};
/* End XCConfigurationList section */
	};
	rootObject = 46789EC627EA512A0022C87D /* Project object */;
}
